
Microsoft Visual Studio Solution File, Format Version 12.00
# Visual Studio 15
VisualStudioVersion = 15.0.27130.0
MinimumVisualStudioVersion = 10.0.40219.1
Project("{9A19103F-16F7-4668-BE54-9A1E7A4F7556}") = "OfferService", "OfferService\OfferService.csproj", "{8B3CE773-9890-4A5D-B351-53F61B63A92A}"
EndProject
Project("{9A19103F-16F7-4668-BE54-9A1E7A4F7556}") = "OfferFinderConsole", "OfferFinderConsole\OfferFinderConsole.csproj", "{66088469-23E3-4DE3-87CE-0FD88536D8B5}"
EndProject
Project("{FAE04EC0-301F-11D3-BF4B-00C04F79EFBC}") = "Models", "Models\Models.csproj", "{E7B67759-7737-4D3D-B72C-3E8AB646FE53}"
EndProject
Project("{FAE04EC0-301F-11D3-BF4B-00C04F79EFBC}") = "OfferService.UnitTests", "OfferService.UnitTests\OfferService.UnitTests.csproj", "{B058B9E1-0B64-4998-86CB-616DD90A925F}"
EndProject
Project("{FAE04EC0-301F-11D3-BF4B-00C04F79EFBC}") = "OfferService.IntegrationTests", "OfferService.IntegrationTests\OfferService.IntegrationTests.csproj", "{835ACC4A-4597-48E4-BA85-115FA4E14858}"
EndProject
Global
	GlobalSection(SolutionConfigurationPlatforms) = preSolution
		Debug|Any CPU = Debug|Any CPU
		Release|Any CPU = Release|Any CPU
	EndGlobalSection
	GlobalSection(ProjectConfigurationPlatforms) = postSolution
		{8B3CE773-9890-4A5D-B351-53F61B63A92A}.Debug|Any CPU.ActiveCfg = Debug|Any CPU
		{8B3CE773-9890-4A5D-B351-53F61B63A92A}.Debug|Any CPU.Build.0 = Debug|Any CPU
		{8B3CE773-9890-4A5D-B351-53F61B63A92A}.Release|Any CPU.ActiveCfg = Release|Any CPU
		{8B3CE773-9890-4A5D-B351-53F61B63A92A}.Release|Any CPU.Build.0 = Release|Any CPU
		{66088469-23E3-4DE3-87CE-0FD88536D8B5}.Debug|Any CPU.ActiveCfg = Debug|Any CPU
		{66088469-23E3-4DE3-87CE-0FD88536D8B5}.Debug|Any CPU.Build.0 = Debug|Any CPU
		{66088469-23E3-4DE3-87CE-0FD88536D8B5}.Release|Any CPU.ActiveCfg = Release|Any CPU
		{66088469-23E3-4DE3-87CE-0FD88536D8B5}.Release|Any CPU.Build.0 = Release|Any CPU
		{E7B67759-7737-4D3D-B72C-3E8AB646FE53}.Debug|Any CPU.ActiveCfg = Debug|Any CPU
		{E7B67759-7737-4D3D-B72C-3E8AB646FE53}.Debug|Any CPU.Build.0 = Debug|Any CPU
		{E7B67759-7737-4D3D-B72C-3E8AB646FE53}.Release|Any CPU.ActiveCfg = Release|Any CPU
		{E7B67759-7737-4D3D-B72C-3E8AB646FE53}.Release|Any CPU.Build.0 = Release|Any CPU
		{B058B9E1-0B64-4998-86CB-616DD90A925F}.Debug|Any CPU.ActiveCfg = Debug|Any CPU
		{B058B9E1-0B64-4998-86CB-616DD90A925F}.Debug|Any CPU.Build.0 = Debug|Any CPU
		{B058B9E1-0B64-4998-86CB-616DD90A925F}.Release|Any CPU.ActiveCfg = Release|Any CPU
		{B058B9E1-0B64-4998-86CB-616DD90A925F}.Release|Any CPU.Build.0 = Release|Any CPU
		{835ACC4A-4597-48E4-BA85-115FA4E14858}.Debug|Any CPU.ActiveCfg = Debug|Any CPU
		{835ACC4A-4597-48E4-BA85-115FA4E14858}.Debug|Any CPU.Build.0 = Debug|Any CPU
		{835ACC4A-4597-48E4-BA85-115FA4E14858}.Release|Any CPU.ActiveCfg = Release|Any CPU
		{835ACC4A-4597-48E4-BA85-115FA4E14858}.Release|Any CPU.Build.0 = Release|Any CPU
	EndGlobalSection
	GlobalSection(SolutionProperties) = preSolution
		HideSolutionNode = FALSE
	EndGlobalSection
	GlobalSection(ExtensibilityGlobals) = postSolution
		SolutionGuid = {89F92AD4-6229-4844-8A53-3F5386962E78}
	EndGlobalSection
EndGlobal
